
Microsoft Visual Studio Solution File, Format Version 12.00
# Visual Studio Version 17
VisualStudioVersion = 17.10.35122.118
MinimumVisualStudioVersion = 10.0.40219.1
Project("{FAE04EC0-301F-11D3-BF4B-00C04F79EFBC}") = "MockData", "MockData\MockData.csproj", "{9DBF2C51-A9DF-40E2-8C3E-12D23EAF20F2}"
EndProject
Project("{FAE04EC0-301F-11D3-BF4B-00C04F79EFBC}") = "GenerateDB", "GenerateDB\GenerateDB.csproj", "{5D67FF4D-92AF-416A-989E-43EDEABE5559}"
EndProject
Global
	GlobalSection(SolutionConfigurationPlatforms) = preSolution
		Debug|Any CPU = Debug|Any CPU
		Release|Any CPU = Release|Any CPU
	EndGlobalSection
	GlobalSection(ProjectConfigurationPlatforms) = postSolution
		{9DBF2C51-A9DF-40E2-8C3E-12D23EAF20F2}.Debug|Any CPU.ActiveCfg = Debug|Any CPU
		{9DBF2C51-A9DF-40E2-8C3E-12D23EAF20F2}.Debug|Any CPU.Build.0 = Debug|Any CPU
		{9DBF2C51-A9DF-40E2-8C3E-12D23EAF20F2}.Release|Any CPU.ActiveCfg = Release|Any CPU
		{9DBF2C51-A9DF-40E2-8C3E-12D23EAF20F2}.Release|Any CPU.Build.0 = Release|Any CPU
		{5D67FF4D-92AF-416A-989E-43EDEABE5559}.Debug|Any CPU.ActiveCfg = Debug|Any CPU
		{5D67FF4D-92AF-416A-989E-43EDEABE5559}.Debug|Any CPU.Build.0 = Debug|Any CPU
		{5D67FF4D-92AF-416A-989E-43EDEABE5559}.Release|Any CPU.ActiveCfg = Release|Any CPU
		{5D67FF4D-92AF-416A-989E-43EDEABE5559}.Release|Any CPU.Build.0 = Release|Any CPU
	EndGlobalSection
	GlobalSection(SolutionProperties) = preSolution
		HideSolutionNode = FALSE
	EndGlobalSection
	GlobalSection(ExtensibilityGlobals) = postSolution
		SolutionGuid = {3AD99CCE-C9D2-4AD0-A55E-8AC97494BF9D}
	EndGlobalSection
EndGlobal
